// !$*UTF8*$!
{
	archiveVersion = 1;
	classes = {
	};
	objectVersion = 55;
	objects = {

/* Begin PBXBuildFile section */
		47670E632742AF020071B3CF /* GetAllCharactersByIdUseCase.swift in Sources */ = {isa = PBXBuildFile; fileRef = 47670E622742AF020071B3CF /* GetAllCharactersByIdUseCase.swift */; };
		47B665DA273BC6860086E96F /* HTTPError.swift in Sources */ = {isa = PBXBuildFile; fileRef = 47B665D9273BC6850086E96F /* HTTPError.swift */; };
		47B665DC273BC74D0086E96F /* Assets.xcassets in Resources */ = {isa = PBXBuildFile; fileRef = 47B665DB273BC74D0086E96F /* Assets.xcassets */; };
		47CEFC18274BBBF10080FF8F /* OtherCharacterCellView.swift in Sources */ = {isa = PBXBuildFile; fileRef = 47CEFC17274BBBF10080FF8F /* OtherCharacterCellView.swift */; };
		47F9D19B2747EC47004FFF77 /* String+CapitalizeFirstLetter.swift in Sources */ = {isa = PBXBuildFile; fileRef = 47F9D19A2747EC47004FFF77 /* String+CapitalizeFirstLetter.swift */; };
		47F9D19E2747F032004FFF77 /* OtherDetailItemView.swift in Sources */ = {isa = PBXBuildFile; fileRef = 47F9D19D2747F032004FFF77 /* OtherDetailItemView.swift */; };
		47F9D1A02747F2F1004FFF77 /* CharacterDetailItemView.swift in Sources */ = {isa = PBXBuildFile; fileRef = 47F9D19F2747F2F1004FFF77 /* CharacterDetailItemView.swift */; };
		A743A9A127396983008A5CA0 /* CharacterDetailView.swift in Sources */ = {isa = PBXBuildFile; fileRef = A743A9A027396983008A5CA0 /* CharacterDetailView.swift */; };
		A75853852746ADA300EB40C5 /* CharacterListView.swift in Sources */ = {isa = PBXBuildFile; fileRef = A75853842746ADA300EB40C5 /* CharacterListView.swift */; };
		A758539A2747CF8800EB40C5 /* CharacterCellView.swift in Sources */ = {isa = PBXBuildFile; fileRef = A75853982747CF8800EB40C5 /* CharacterCellView.swift */; };
		A758539B2747CF8800EB40C5 /* OtherCellView.swift in Sources */ = {isa = PBXBuildFile; fileRef = A75853992747CF8800EB40C5 /* OtherCellView.swift */; };
		A794FF24273BF060003E8043 /* LocationRepositoryImplementationUnitTest.swift in Sources */ = {isa = PBXBuildFile; fileRef = A794FF23273BF060003E8043 /* LocationRepositoryImplementationUnitTest.swift */; };
		A794FF26273C0049003E8043 /* LocationRemoteDataSourceUnitTest.swift in Sources */ = {isa = PBXBuildFile; fileRef = A794FF25273C0049003E8043 /* LocationRemoteDataSourceUnitTest.swift */; };
		A794FF2C273C0A70003E8043 /* CharacterRemoteDataSourceUnitTest.swift in Sources */ = {isa = PBXBuildFile; fileRef = A794FF2B273C0A70003E8043 /* CharacterRemoteDataSourceUnitTest.swift */; };
		A794FF2E273C0FA6003E8043 /* ServerEpisodeResponseUnitTest.swift in Sources */ = {isa = PBXBuildFile; fileRef = A794FF2D273C0FA6003E8043 /* ServerEpisodeResponseUnitTest.swift */; };
		A794FF30273C1EA0003E8043 /* Tabs.swift in Sources */ = {isa = PBXBuildFile; fileRef = A794FF2F273C1EA0003E8043 /* Tabs.swift */; };
		A794FF3B273D3513003E8043 /* ProgressViewView.swift in Sources */ = {isa = PBXBuildFile; fileRef = A794FF3A273D3513003E8043 /* ProgressViewView.swift */; };
		A794FF3E273E753B003E8043 /* ListHeaderView.swift in Sources */ = {isa = PBXBuildFile; fileRef = A794FF3D273E753B003E8043 /* ListHeaderView.swift */; };
		A794FF47273E88D9003E8043 /* LocationDetailViewModel.swift in Sources */ = {isa = PBXBuildFile; fileRef = A794FF46273E88D9003E8043 /* LocationDetailViewModel.swift */; };
		A794FF49273E88EA003E8043 /* LocationDetailView.swift in Sources */ = {isa = PBXBuildFile; fileRef = A794FF48273E88EA003E8043 /* LocationDetailView.swift */; };
		A794FF5027427079003E8043 /* LocationDetailUseCase.swift in Sources */ = {isa = PBXBuildFile; fileRef = A794FF4F27427079003E8043 /* LocationDetailUseCase.swift */; };
		A794FF532743CA1C003E8043 /* EpisodeDetailView.swift in Sources */ = {isa = PBXBuildFile; fileRef = A794FF522743CA1C003E8043 /* EpisodeDetailView.swift */; };
		A794FF552743CA2D003E8043 /* EpisodeDetailViewModel.swift in Sources */ = {isa = PBXBuildFile; fileRef = A794FF542743CA2D003E8043 /* EpisodeDetailViewModel.swift */; };
		A794FF572743CFF5003E8043 /* EpisodeDetailUseCase.swift in Sources */ = {isa = PBXBuildFile; fileRef = A794FF562743CFF5003E8043 /* EpisodeDetailUseCase.swift */; };
		A794FF5927440943003E8043 /* GetAllCharactersByIdUseCaseUnitTest.swift in Sources */ = {isa = PBXBuildFile; fileRef = A794FF5827440943003E8043 /* GetAllCharactersByIdUseCaseUnitTest.swift */; };
		A794FF5B27440B6E003E8043 /* LocationDetailUseCaseUnitTest.swift in Sources */ = {isa = PBXBuildFile; fileRef = A794FF5A27440B6E003E8043 /* LocationDetailUseCaseUnitTest.swift */; };
		A794FF5D27440C1A003E8043 /* EpisodeDetailUseCaseUnitTest.swift in Sources */ = {isa = PBXBuildFile; fileRef = A794FF5C27440C1A003E8043 /* EpisodeDetailUseCaseUnitTest.swift */; };
		A794FF622745362B003E8043 /* LaunchScreen.storyboard in Resources */ = {isa = PBXBuildFile; fileRef = A794FF612745362B003E8043 /* LaunchScreen.storyboard */; };
		A794FF6727453936003E8043 /* kisspng-portal-morty-smith-rick-sanchez-t-shirt-hoodie-portal-5ac4b0cbe2bbd5.4984654015228397559287.png in Resources */ = {isa = PBXBuildFile; fileRef = A794FF6627453936003E8043 /* kisspng-portal-morty-smith-rick-sanchez-t-shirt-hoodie-portal-5ac4b0cbe2bbd5.4984654015228397559287.png */; };
		A7AF769427398A50009A410C /* ServerCharacterResponseUnitTests.swift in Sources */ = {isa = PBXBuildFile; fileRef = A7AF769327398A50009A410C /* ServerCharacterResponseUnitTests.swift */; };
		A7AF7697273A6A45009A410C /* GetAllCharactersUseCaseUnitTest.swift in Sources */ = {isa = PBXBuildFile; fileRef = A7AF7696273A6A45009A410C /* GetAllCharactersUseCaseUnitTest.swift */; };
		A7AF769A273A6C43009A410C /* MockCharacterRepository.swift in Sources */ = {isa = PBXBuildFile; fileRef = A7AF7699273A6C43009A410C /* MockCharacterRepository.swift */; };
		A7AF769C273A7FA5009A410C /* Location.swift in Sources */ = {isa = PBXBuildFile; fileRef = A7AF769B273A7FA5009A410C /* Location.swift */; };
		A7AF769E273A86C9009A410C /* (null) in Sources */ = {isa = PBXBuildFile; };
		A7AF76A4273A9646009A410C /* LocationRemoteDataSource.swift in Sources */ = {isa = PBXBuildFile; fileRef = A7AF76A3273A9646009A410C /* LocationRemoteDataSource.swift */; };
		A7AF76A6273A97A2009A410C /* LocationRepository.swift in Sources */ = {isa = PBXBuildFile; fileRef = A7AF76A5273A97A2009A410C /* LocationRepository.swift */; };
		A7AF76A8273A97F9009A410C /* LocationRepositoryImplementation.swift in Sources */ = {isa = PBXBuildFile; fileRef = A7AF76A7273A97F9009A410C /* LocationRepositoryImplementation.swift */; };
		A7AF76AC273A9997009A410C /* ServerGetLocationResponse.swift in Sources */ = {isa = PBXBuildFile; fileRef = A7AF76AB273A9997009A410C /* ServerGetLocationResponse.swift */; };
		A7AF76AE273AA587009A410C /* LocationListView.swift in Sources */ = {isa = PBXBuildFile; fileRef = A7AF76AD273AA587009A410C /* LocationListView.swift */; };
		A7AF76B0273AA5F7009A410C /* GetLocationUseCase.swift in Sources */ = {isa = PBXBuildFile; fileRef = A7AF76AF273AA5F7009A410C /* GetLocationUseCase.swift */; };
		A7AF76B2273AAFFD009A410C /* LocationListViewModel.swift in Sources */ = {isa = PBXBuildFile; fileRef = A7AF76B1273AAFFD009A410C /* LocationListViewModel.swift */; };
		A7AF76B4273ABD5E009A410C /* ServerLocationResponseUnitTest.swift in Sources */ = {isa = PBXBuildFile; fileRef = A7AF76B3273ABD5E009A410C /* ServerLocationResponseUnitTest.swift */; };
		A7AF76B6273ABFA9009A410C /* MockLocationRepository.swift in Sources */ = {isa = PBXBuildFile; fileRef = A7AF76B5273ABFA9009A410C /* MockLocationRepository.swift */; };
		A7AF76B8273AC103009A410C /* GetLocationUseCaseUnitTest.swift in Sources */ = {isa = PBXBuildFile; fileRef = A7AF76B7273AC103009A410C /* GetLocationUseCaseUnitTest.swift */; };
		A7AF76BA273AC474009A410C /* Episode.swift in Sources */ = {isa = PBXBuildFile; fileRef = A7AF76B9273AC474009A410C /* Episode.swift */; };
		A7AF76BC273AC665009A410C /* ServerGetEpisodeResponse.swift in Sources */ = {isa = PBXBuildFile; fileRef = A7AF76BB273AC665009A410C /* ServerGetEpisodeResponse.swift */; };
		A7AF76BF273AC78E009A410C /* EpisodeRemoteDataSource.swift in Sources */ = {isa = PBXBuildFile; fileRef = A7AF76BE273AC78E009A410C /* EpisodeRemoteDataSource.swift */; };
		A7AF76C1273AC82C009A410C /* EpisodeRepository.swift in Sources */ = {isa = PBXBuildFile; fileRef = A7AF76C0273AC82C009A410C /* EpisodeRepository.swift */; };
		A7AF76C3273AC852009A410C /* EpisodeRepositoryImplementation.swift in Sources */ = {isa = PBXBuildFile; fileRef = A7AF76C2273AC851009A410C /* EpisodeRepositoryImplementation.swift */; };
		A7AF76C5273ACA60009A410C /* GetEpisodeUseCase.swift in Sources */ = {isa = PBXBuildFile; fileRef = A7AF76C4273ACA60009A410C /* GetEpisodeUseCase.swift */; };
		A7AF76C7273ACB8C009A410C /* EpisodeListView.swift in Sources */ = {isa = PBXBuildFile; fileRef = A7AF76C6273ACB8C009A410C /* EpisodeListView.swift */; };
		A7AF76C9273ACB9A009A410C /* EpisodeListViewModel.swift in Sources */ = {isa = PBXBuildFile; fileRef = A7AF76C8273ACB9A009A410C /* EpisodeListViewModel.swift */; };
		A7AF76CD273AD17A009A410C /* CharacterDetailUseCaseUnitTest.swift in Sources */ = {isa = PBXBuildFile; fileRef = A7AF76CC273AD17A009A410C /* CharacterDetailUseCaseUnitTest.swift */; };
		A7AF76D1273AD4D0009A410C /* GetEpisodeUseCaseUnitTest.swift in Sources */ = {isa = PBXBuildFile; fileRef = A7AF76D0273AD4D0009A410C /* GetEpisodeUseCaseUnitTest.swift */; };
		A7AF76D3273AD510009A410C /* MockEpisodeRepository.swift in Sources */ = {isa = PBXBuildFile; fileRef = A7AF76D2273AD510009A410C /* MockEpisodeRepository.swift */; };
		A7AF76D5273AD6C6009A410C /* EpisodeRemoteDataSourceUnitTest.swift in Sources */ = {isa = PBXBuildFile; fileRef = A7AF76D4273AD6C6009A410C /* EpisodeRemoteDataSourceUnitTest.swift */; };
		A7AF76D7273ADB91009A410C /* CharacterRepositoryImplementationUnitTest.swift in Sources */ = {isa = PBXBuildFile; fileRef = A7AF76D6273ADB91009A410C /* CharacterRepositoryImplementationUnitTest.swift */; };
		A7AF76D9273ADD4E009A410C /* MockURLProtocol.swift in Sources */ = {isa = PBXBuildFile; fileRef = A7AF76D8273ADD4E009A410C /* MockURLProtocol.swift */; };
		A7AF76E4273BE7C5009A410C /* EpisodesRepositoryImplementationUnitTest.swift in Sources */ = {isa = PBXBuildFile; fileRef = A7AF76E3273BE7C4009A410C /* EpisodesRepositoryImplementationUnitTest.swift */; };
		A7BF72A12BD69CAB00ADB27E /* CharacterStatus.swift in Sources */ = {isa = PBXBuildFile; fileRef = A7BF72A02BD69CAB00ADB27E /* CharacterStatus.swift */; };
		A7BF72A82BD7C11D00ADB27E /* ViewHeaderUnitTests.swift in Sources */ = {isa = PBXBuildFile; fileRef = A7BF72A72BD7C11D00ADB27E /* ViewHeaderUnitTests.swift */; };
		A7BF72AB2BD7C3F000ADB27E /* ViewInspector in Frameworks */ = {isa = PBXBuildFile; productRef = A7BF72AA2BD7C3F000ADB27E /* ViewInspector */; };
		A7CE2B5C27340B65001B5491 /* RickMortyApp.swift in Sources */ = {isa = PBXBuildFile; fileRef = A7CE2B5B27340B65001B5491 /* RickMortyApp.swift */; };
		A7CE2B6327340B67001B5491 /* Preview Assets.xcassets in Resources */ = {isa = PBXBuildFile; fileRef = A7CE2B6227340B67001B5491 /* Preview Assets.xcassets */; };
		A7CE2B7027341ED8001B5491 /* APIManager.swift in Sources */ = {isa = PBXBuildFile; fileRef = A7CE2B6F27341ED8001B5491 /* APIManager.swift */; };
		A7CE2B7227342F2A001B5491 /* Constants.swift in Sources */ = {isa = PBXBuildFile; fileRef = A7CE2B7127342F2A001B5491 /* Constants.swift */; };
		A7CE2B762734342B001B5491 /* CharacterRemoteDataSource.swift in Sources */ = {isa = PBXBuildFile; fileRef = A7CE2B752734342B001B5491 /* CharacterRemoteDataSource.swift */; };
		A7CE2B7A27343B15001B5491 /* ServerBaseArrayResponse.swift in Sources */ = {isa = PBXBuildFile; fileRef = A7CE2B7927343B15001B5491 /* ServerBaseArrayResponse.swift */; };
		A7CE2B7C27343B3B001B5491 /* ServerResultsResponse.swift in Sources */ = {isa = PBXBuildFile; fileRef = A7CE2B7B27343B3B001B5491 /* ServerResultsResponse.swift */; };
		A7CE2B7E27343B7B001B5491 /* ServerCharacterResponse.swift in Sources */ = {isa = PBXBuildFile; fileRef = A7CE2B7D27343B7B001B5491 /* ServerCharacterResponse.swift */; };
		A7CE2B8127343DB2001B5491 /* Character.swift in Sources */ = {isa = PBXBuildFile; fileRef = A7CE2B8027343DB2001B5491 /* Character.swift */; };
		A7CE2B8327343ED1001B5491 /* ServerOriginResponse.swift in Sources */ = {isa = PBXBuildFile; fileRef = A7CE2B8227343ED1001B5491 /* ServerOriginResponse.swift */; };
		A7CE2B852734407C001B5491 /* ServerLocationResponse.swift in Sources */ = {isa = PBXBuildFile; fileRef = A7CE2B842734407C001B5491 /* ServerLocationResponse.swift */; };
		A7CE2B87273440EE001B5491 /* ServerEpisodeResponse.swift in Sources */ = {isa = PBXBuildFile; fileRef = A7CE2B86273440EE001B5491 /* ServerEpisodeResponse.swift */; };
		A7CE2B8927344A5F001B5491 /* CharacterRepository.swift in Sources */ = {isa = PBXBuildFile; fileRef = A7CE2B8827344A5F001B5491 /* CharacterRepository.swift */; };
		A7CE2B8B27344AC5001B5491 /* CharacterRepositoryImplementation.swift in Sources */ = {isa = PBXBuildFile; fileRef = A7CE2B8A27344AC5001B5491 /* CharacterRepositoryImplementation.swift */; };
		A7CE2B8E273526B5001B5491 /* GetAllCharactersUseCase.swift in Sources */ = {isa = PBXBuildFile; fileRef = A7CE2B8D273526B5001B5491 /* GetAllCharactersUseCase.swift */; };
		A7CE2B9327352A63001B5491 /* TabBar.swift in Sources */ = {isa = PBXBuildFile; fileRef = A7CE2B9227352A63001B5491 /* TabBar.swift */; };
		A7CE2BA427357521001B5491 /* CharacterListViewModel.swift in Sources */ = {isa = PBXBuildFile; fileRef = A7CE2BA327357521001B5491 /* CharacterListViewModel.swift */; };
		A7CE2BCF27393741001B5491 /* CharacterDetailUseCase.swift in Sources */ = {isa = PBXBuildFile; fileRef = A7CE2BCE27393741001B5491 /* CharacterDetailUseCase.swift */; };
		A7CE2BD527394A57001B5491 /* CharacterDetailViewModel.swift in Sources */ = {isa = PBXBuildFile; fileRef = A7CE2BD427394A57001B5491 /* CharacterDetailViewModel.swift */; };
		A7CE2BDD27396072001B5491 /* RenderImage.swift in Sources */ = {isa = PBXBuildFile; fileRef = A7CE2BDC27396072001B5491 /* RenderImage.swift */; };
		A7E7FD972BD7C7DA001A6802 /* ProgressViewViewUnitTests.swift in Sources */ = {isa = PBXBuildFile; fileRef = A7E7FD962BD7C7DA001A6802 /* ProgressViewViewUnitTests.swift */; };
		A7E7FD992BD7C975001A6802 /* RenderImageUnitTests.swift in Sources */ = {isa = PBXBuildFile; fileRef = A7E7FD982BD7C975001A6802 /* RenderImageUnitTests.swift */; };
		A7E7FD9E2BD7CF32001A6802 /* OtherDetailItemViewUnitTests.swift in Sources */ = {isa = PBXBuildFile; fileRef = A7E7FD9D2BD7CF32001A6802 /* OtherDetailItemViewUnitTests.swift */; };
		A7E7FDA02BD7D357001A6802 /* CharacterDetailItemViewUnitTests.swift in Sources */ = {isa = PBXBuildFile; fileRef = A7E7FD9F2BD7D357001A6802 /* CharacterDetailItemViewUnitTests.swift */; };
/* End PBXBuildFile section */

/* Begin PBXContainerItemProxy section */
		A7AF768C273987D7009A410C /* PBXContainerItemProxy */ = {
			isa = PBXContainerItemProxy;
			containerPortal = A7CE2B5027340B65001B5491 /* Project object */;
			proxyType = 1;
			remoteGlobalIDString = A7CE2B5727340B65001B5491;
			remoteInfo = RickMorty;
		};
/* End PBXContainerItemProxy section */

/* Begin PBXFileReference section */
		47670E622742AF020071B3CF /* GetAllCharactersByIdUseCase.swift */ = {isa = PBXFileReference; lastKnownFileType = sourcecode.swift; path = GetAllCharactersByIdUseCase.swift; sourceTree = "<group>"; };
		47B665D9273BC6850086E96F /* HTTPError.swift */ = {isa = PBXFileReference; lastKnownFileType = sourcecode.swift; path = HTTPError.swift; sourceTree = "<group>"; };
		47B665DB273BC74D0086E96F /* Assets.xcassets */ = {isa = PBXFileReference; lastKnownFileType = folder.assetcatalog; path = Assets.xcassets; sourceTree = "<group>"; };
		47CEFC17274BBBF10080FF8F /* OtherCharacterCellView.swift */ = {isa = PBXFileReference; lastKnownFileType = sourcecode.swift; path = OtherCharacterCellView.swift; sourceTree = "<group>"; };
		47F9D19A2747EC47004FFF77 /* String+CapitalizeFirstLetter.swift */ = {isa = PBXFileReference; lastKnownFileType = sourcecode.swift; path = "String+CapitalizeFirstLetter.swift"; sourceTree = "<group>"; };
		47F9D19D2747F032004FFF77 /* OtherDetailItemView.swift */ = {isa = PBXFileReference; lastKnownFileType = sourcecode.swift; path = OtherDetailItemView.swift; sourceTree = "<group>"; };
		47F9D19F2747F2F1004FFF77 /* CharacterDetailItemView.swift */ = {isa = PBXFileReference; lastKnownFileType = sourcecode.swift; path = CharacterDetailItemView.swift; sourceTree = "<group>"; };
		A743A9A027396983008A5CA0 /* CharacterDetailView.swift */ = {isa = PBXFileReference; lastKnownFileType = sourcecode.swift; path = CharacterDetailView.swift; sourceTree = "<group>"; };
		A75853842746ADA300EB40C5 /* CharacterListView.swift */ = {isa = PBXFileReference; fileEncoding = 4; lastKnownFileType = sourcecode.swift; path = CharacterListView.swift; sourceTree = "<group>"; };
		A75853982747CF8800EB40C5 /* CharacterCellView.swift */ = {isa = PBXFileReference; fileEncoding = 4; lastKnownFileType = sourcecode.swift; path = CharacterCellView.swift; sourceTree = "<group>"; };
		A75853992747CF8800EB40C5 /* OtherCellView.swift */ = {isa = PBXFileReference; fileEncoding = 4; lastKnownFileType = sourcecode.swift; path = OtherCellView.swift; sourceTree = "<group>"; };
		A794FF23273BF060003E8043 /* LocationRepositoryImplementationUnitTest.swift */ = {isa = PBXFileReference; lastKnownFileType = sourcecode.swift; path = LocationRepositoryImplementationUnitTest.swift; sourceTree = "<group>"; };
		A794FF25273C0049003E8043 /* LocationRemoteDataSourceUnitTest.swift */ = {isa = PBXFileReference; lastKnownFileType = sourcecode.swift; path = LocationRemoteDataSourceUnitTest.swift; sourceTree = "<group>"; };
		A794FF2B273C0A70003E8043 /* CharacterRemoteDataSourceUnitTest.swift */ = {isa = PBXFileReference; lastKnownFileType = sourcecode.swift; path = CharacterRemoteDataSourceUnitTest.swift; sourceTree = "<group>"; };
		A794FF2D273C0FA6003E8043 /* ServerEpisodeResponseUnitTest.swift */ = {isa = PBXFileReference; lastKnownFileType = sourcecode.swift; path = ServerEpisodeResponseUnitTest.swift; sourceTree = "<group>"; };
		A794FF2F273C1EA0003E8043 /* Tabs.swift */ = {isa = PBXFileReference; lastKnownFileType = sourcecode.swift; path = Tabs.swift; sourceTree = "<group>"; };
		A794FF3A273D3513003E8043 /* ProgressViewView.swift */ = {isa = PBXFileReference; lastKnownFileType = sourcecode.swift; path = ProgressViewView.swift; sourceTree = "<group>"; };
		A794FF3D273E753B003E8043 /* ListHeaderView.swift */ = {isa = PBXFileReference; lastKnownFileType = sourcecode.swift; path = ListHeaderView.swift; sourceTree = "<group>"; };
		A794FF46273E88D9003E8043 /* LocationDetailViewModel.swift */ = {isa = PBXFileReference; lastKnownFileType = sourcecode.swift; path = LocationDetailViewModel.swift; sourceTree = "<group>"; };
		A794FF48273E88EA003E8043 /* LocationDetailView.swift */ = {isa = PBXFileReference; lastKnownFileType = sourcecode.swift; path = LocationDetailView.swift; sourceTree = "<group>"; };
		A794FF4F27427079003E8043 /* LocationDetailUseCase.swift */ = {isa = PBXFileReference; lastKnownFileType = sourcecode.swift; path = LocationDetailUseCase.swift; sourceTree = "<group>"; };
		A794FF522743CA1C003E8043 /* EpisodeDetailView.swift */ = {isa = PBXFileReference; lastKnownFileType = sourcecode.swift; path = EpisodeDetailView.swift; sourceTree = "<group>"; };
		A794FF542743CA2D003E8043 /* EpisodeDetailViewModel.swift */ = {isa = PBXFileReference; lastKnownFileType = sourcecode.swift; path = EpisodeDetailViewModel.swift; sourceTree = "<group>"; };
		A794FF562743CFF5003E8043 /* EpisodeDetailUseCase.swift */ = {isa = PBXFileReference; lastKnownFileType = sourcecode.swift; path = EpisodeDetailUseCase.swift; sourceTree = "<group>"; };
		A794FF5827440943003E8043 /* GetAllCharactersByIdUseCaseUnitTest.swift */ = {isa = PBXFileReference; lastKnownFileType = sourcecode.swift; path = GetAllCharactersByIdUseCaseUnitTest.swift; sourceTree = "<group>"; };
		A794FF5A27440B6E003E8043 /* LocationDetailUseCaseUnitTest.swift */ = {isa = PBXFileReference; lastKnownFileType = sourcecode.swift; path = LocationDetailUseCaseUnitTest.swift; sourceTree = "<group>"; };
		A794FF5C27440C1A003E8043 /* EpisodeDetailUseCaseUnitTest.swift */ = {isa = PBXFileReference; lastKnownFileType = sourcecode.swift; path = EpisodeDetailUseCaseUnitTest.swift; sourceTree = "<group>"; };
		A794FF5E2745356B003E8043 /* Info.plist */ = {isa = PBXFileReference; lastKnownFileType = text.plist; path = Info.plist; sourceTree = "<group>"; };
		A794FF612745362B003E8043 /* LaunchScreen.storyboard */ = {isa = PBXFileReference; lastKnownFileType = file.storyboard; path = LaunchScreen.storyboard; sourceTree = "<group>"; };
		A794FF6627453936003E8043 /* kisspng-portal-morty-smith-rick-sanchez-t-shirt-hoodie-portal-5ac4b0cbe2bbd5.4984654015228397559287.png */ = {isa = PBXFileReference; lastKnownFileType = image.png; path = "kisspng-portal-morty-smith-rick-sanchez-t-shirt-hoodie-portal-5ac4b0cbe2bbd5.4984654015228397559287.png"; sourceTree = "<group>"; };
		A7AF7688273987D7009A410C /* RickMortyTests.xctest */ = {isa = PBXFileReference; explicitFileType = wrapper.cfbundle; includeInIndex = 0; path = RickMortyTests.xctest; sourceTree = BUILT_PRODUCTS_DIR; };
		A7AF769327398A50009A410C /* ServerCharacterResponseUnitTests.swift */ = {isa = PBXFileReference; fileEncoding = 4; lastKnownFileType = sourcecode.swift; path = ServerCharacterResponseUnitTests.swift; sourceTree = "<group>"; };
		A7AF7696273A6A45009A410C /* GetAllCharactersUseCaseUnitTest.swift */ = {isa = PBXFileReference; lastKnownFileType = sourcecode.swift; path = GetAllCharactersUseCaseUnitTest.swift; sourceTree = "<group>"; };
		A7AF7699273A6C43009A410C /* MockCharacterRepository.swift */ = {isa = PBXFileReference; lastKnownFileType = sourcecode.swift; path = MockCharacterRepository.swift; sourceTree = "<group>"; };
		A7AF769B273A7FA5009A410C /* Location.swift */ = {isa = PBXFileReference; lastKnownFileType = sourcecode.swift; path = Location.swift; sourceTree = "<group>"; };
		A7AF76A3273A9646009A410C /* LocationRemoteDataSource.swift */ = {isa = PBXFileReference; lastKnownFileType = sourcecode.swift; path = LocationRemoteDataSource.swift; sourceTree = "<group>"; };
		A7AF76A5273A97A2009A410C /* LocationRepository.swift */ = {isa = PBXFileReference; lastKnownFileType = sourcecode.swift; path = LocationRepository.swift; sourceTree = "<group>"; };
		A7AF76A7273A97F9009A410C /* LocationRepositoryImplementation.swift */ = {isa = PBXFileReference; lastKnownFileType = sourcecode.swift; path = LocationRepositoryImplementation.swift; sourceTree = "<group>"; };
		A7AF76AB273A9997009A410C /* ServerGetLocationResponse.swift */ = {isa = PBXFileReference; lastKnownFileType = sourcecode.swift; path = ServerGetLocationResponse.swift; sourceTree = "<group>"; };
		A7AF76AD273AA587009A410C /* LocationListView.swift */ = {isa = PBXFileReference; fileEncoding = 4; lastKnownFileType = sourcecode.swift; path = LocationListView.swift; sourceTree = "<group>"; };
		A7AF76AF273AA5F7009A410C /* GetLocationUseCase.swift */ = {isa = PBXFileReference; lastKnownFileType = sourcecode.swift; path = GetLocationUseCase.swift; sourceTree = "<group>"; };
		A7AF76B1273AAFFD009A410C /* LocationListViewModel.swift */ = {isa = PBXFileReference; lastKnownFileType = sourcecode.swift; path = LocationListViewModel.swift; sourceTree = "<group>"; };
		A7AF76B3273ABD5E009A410C /* ServerLocationResponseUnitTest.swift */ = {isa = PBXFileReference; lastKnownFileType = sourcecode.swift; path = ServerLocationResponseUnitTest.swift; sourceTree = "<group>"; };
		A7AF76B5273ABFA9009A410C /* MockLocationRepository.swift */ = {isa = PBXFileReference; lastKnownFileType = sourcecode.swift; path = MockLocationRepository.swift; sourceTree = "<group>"; };
		A7AF76B7273AC103009A410C /* GetLocationUseCaseUnitTest.swift */ = {isa = PBXFileReference; lastKnownFileType = sourcecode.swift; path = GetLocationUseCaseUnitTest.swift; sourceTree = "<group>"; };
		A7AF76B9273AC474009A410C /* Episode.swift */ = {isa = PBXFileReference; lastKnownFileType = sourcecode.swift; path = Episode.swift; sourceTree = "<group>"; };
		A7AF76BB273AC665009A410C /* ServerGetEpisodeResponse.swift */ = {isa = PBXFileReference; lastKnownFileType = sourcecode.swift; path = ServerGetEpisodeResponse.swift; sourceTree = "<group>"; };
		A7AF76BE273AC78E009A410C /* EpisodeRemoteDataSource.swift */ = {isa = PBXFileReference; lastKnownFileType = sourcecode.swift; path = EpisodeRemoteDataSource.swift; sourceTree = "<group>"; };
		A7AF76C0273AC82C009A410C /* EpisodeRepository.swift */ = {isa = PBXFileReference; lastKnownFileType = sourcecode.swift; path = EpisodeRepository.swift; sourceTree = "<group>"; };
		A7AF76C2273AC851009A410C /* EpisodeRepositoryImplementation.swift */ = {isa = PBXFileReference; lastKnownFileType = sourcecode.swift; path = EpisodeRepositoryImplementation.swift; sourceTree = "<group>"; };
		A7AF76C4273ACA60009A410C /* GetEpisodeUseCase.swift */ = {isa = PBXFileReference; lastKnownFileType = sourcecode.swift; path = GetEpisodeUseCase.swift; sourceTree = "<group>"; };
		A7AF76C6273ACB8C009A410C /* EpisodeListView.swift */ = {isa = PBXFileReference; fileEncoding = 4; lastKnownFileType = sourcecode.swift; path = EpisodeListView.swift; sourceTree = "<group>"; };
		A7AF76C8273ACB9A009A410C /* EpisodeListViewModel.swift */ = {isa = PBXFileReference; lastKnownFileType = sourcecode.swift; path = EpisodeListViewModel.swift; sourceTree = "<group>"; };
		A7AF76CC273AD17A009A410C /* CharacterDetailUseCaseUnitTest.swift */ = {isa = PBXFileReference; lastKnownFileType = sourcecode.swift; path = CharacterDetailUseCaseUnitTest.swift; sourceTree = "<group>"; };
		A7AF76D0273AD4D0009A410C /* GetEpisodeUseCaseUnitTest.swift */ = {isa = PBXFileReference; lastKnownFileType = sourcecode.swift; path = GetEpisodeUseCaseUnitTest.swift; sourceTree = "<group>"; };
		A7AF76D2273AD510009A410C /* MockEpisodeRepository.swift */ = {isa = PBXFileReference; lastKnownFileType = sourcecode.swift; path = MockEpisodeRepository.swift; sourceTree = "<group>"; };
		A7AF76D4273AD6C6009A410C /* EpisodeRemoteDataSourceUnitTest.swift */ = {isa = PBXFileReference; lastKnownFileType = sourcecode.swift; path = EpisodeRemoteDataSourceUnitTest.swift; sourceTree = "<group>"; };
		A7AF76D6273ADB91009A410C /* CharacterRepositoryImplementationUnitTest.swift */ = {isa = PBXFileReference; lastKnownFileType = sourcecode.swift; path = CharacterRepositoryImplementationUnitTest.swift; sourceTree = "<group>"; };
		A7AF76D8273ADD4E009A410C /* MockURLProtocol.swift */ = {isa = PBXFileReference; lastKnownFileType = sourcecode.swift; path = MockURLProtocol.swift; sourceTree = "<group>"; };
		A7AF76E3273BE7C4009A410C /* EpisodesRepositoryImplementationUnitTest.swift */ = {isa = PBXFileReference; lastKnownFileType = sourcecode.swift; path = EpisodesRepositoryImplementationUnitTest.swift; sourceTree = "<group>"; };
		A7BF72A02BD69CAB00ADB27E /* CharacterStatus.swift */ = {isa = PBXFileReference; lastKnownFileType = sourcecode.swift; path = CharacterStatus.swift; sourceTree = "<group>"; };
		A7BF72A72BD7C11D00ADB27E /* ViewHeaderUnitTests.swift */ = {isa = PBXFileReference; lastKnownFileType = sourcecode.swift; path = ViewHeaderUnitTests.swift; sourceTree = "<group>"; };
		A7CE2B5827340B65001B5491 /* RickMorty.app */ = {isa = PBXFileReference; explicitFileType = wrapper.application; includeInIndex = 0; path = RickMorty.app; sourceTree = BUILT_PRODUCTS_DIR; };
		A7CE2B5B27340B65001B5491 /* RickMortyApp.swift */ = {isa = PBXFileReference; lastKnownFileType = sourcecode.swift; path = RickMortyApp.swift; sourceTree = "<group>"; };
		A7CE2B6227340B67001B5491 /* Preview Assets.xcassets */ = {isa = PBXFileReference; lastKnownFileType = folder.assetcatalog; path = "Preview Assets.xcassets"; sourceTree = "<group>"; };
		A7CE2B6F27341ED8001B5491 /* APIManager.swift */ = {isa = PBXFileReference; lastKnownFileType = sourcecode.swift; path = APIManager.swift; sourceTree = "<group>"; };
		A7CE2B7127342F2A001B5491 /* Constants.swift */ = {isa = PBXFileReference; lastKnownFileType = sourcecode.swift; path = Constants.swift; sourceTree = "<group>"; };
		A7CE2B752734342B001B5491 /* CharacterRemoteDataSource.swift */ = {isa = PBXFileReference; lastKnownFileType = sourcecode.swift; path = CharacterRemoteDataSource.swift; sourceTree = "<group>"; };
		A7CE2B7927343B15001B5491 /* ServerBaseArrayResponse.swift */ = {isa = PBXFileReference; lastKnownFileType = sourcecode.swift; path = ServerBaseArrayResponse.swift; sourceTree = "<group>"; };
		A7CE2B7B27343B3B001B5491 /* ServerResultsResponse.swift */ = {isa = PBXFileReference; lastKnownFileType = sourcecode.swift; path = ServerResultsResponse.swift; sourceTree = "<group>"; };
		A7CE2B7D27343B7B001B5491 /* ServerCharacterResponse.swift */ = {isa = PBXFileReference; lastKnownFileType = sourcecode.swift; path = ServerCharacterResponse.swift; sourceTree = "<group>"; };
		A7CE2B8027343DB2001B5491 /* Character.swift */ = {isa = PBXFileReference; lastKnownFileType = sourcecode.swift; path = Character.swift; sourceTree = "<group>"; };
		A7CE2B8227343ED1001B5491 /* ServerOriginResponse.swift */ = {isa = PBXFileReference; lastKnownFileType = sourcecode.swift; path = ServerOriginResponse.swift; sourceTree = "<group>"; };
		A7CE2B842734407C001B5491 /* ServerLocationResponse.swift */ = {isa = PBXFileReference; lastKnownFileType = sourcecode.swift; path = ServerLocationResponse.swift; sourceTree = "<group>"; };
		A7CE2B86273440EE001B5491 /* ServerEpisodeResponse.swift */ = {isa = PBXFileReference; lastKnownFileType = sourcecode.swift; path = ServerEpisodeResponse.swift; sourceTree = "<group>"; };
		A7CE2B8827344A5F001B5491 /* CharacterRepository.swift */ = {isa = PBXFileReference; lastKnownFileType = sourcecode.swift; path = CharacterRepository.swift; sourceTree = "<group>"; };
		A7CE2B8A27344AC5001B5491 /* CharacterRepositoryImplementation.swift */ = {isa = PBXFileReference; lastKnownFileType = sourcecode.swift; path = CharacterRepositoryImplementation.swift; sourceTree = "<group>"; };
		A7CE2B8D273526B5001B5491 /* GetAllCharactersUseCase.swift */ = {isa = PBXFileReference; lastKnownFileType = sourcecode.swift; path = GetAllCharactersUseCase.swift; sourceTree = "<group>"; };
		A7CE2B9227352A63001B5491 /* TabBar.swift */ = {isa = PBXFileReference; lastKnownFileType = sourcecode.swift; path = TabBar.swift; sourceTree = "<group>"; };
		A7CE2BA327357521001B5491 /* CharacterListViewModel.swift */ = {isa = PBXFileReference; lastKnownFileType = sourcecode.swift; path = CharacterListViewModel.swift; sourceTree = "<group>"; };
		A7CE2BCE27393741001B5491 /* CharacterDetailUseCase.swift */ = {isa = PBXFileReference; lastKnownFileType = sourcecode.swift; path = CharacterDetailUseCase.swift; sourceTree = "<group>"; };
		A7CE2BD427394A57001B5491 /* CharacterDetailViewModel.swift */ = {isa = PBXFileReference; lastKnownFileType = sourcecode.swift; path = CharacterDetailViewModel.swift; sourceTree = "<group>"; };
		A7CE2BDC27396072001B5491 /* RenderImage.swift */ = {isa = PBXFileReference; lastKnownFileType = sourcecode.swift; path = RenderImage.swift; sourceTree = "<group>"; };
		A7E7FD962BD7C7DA001A6802 /* ProgressViewViewUnitTests.swift */ = {isa = PBXFileReference; lastKnownFileType = sourcecode.swift; path = ProgressViewViewUnitTests.swift; sourceTree = "<group>"; };
		A7E7FD982BD7C975001A6802 /* RenderImageUnitTests.swift */ = {isa = PBXFileReference; lastKnownFileType = sourcecode.swift; path = RenderImageUnitTests.swift; sourceTree = "<group>"; };
		A7E7FD9D2BD7CF32001A6802 /* OtherDetailItemViewUnitTests.swift */ = {isa = PBXFileReference; lastKnownFileType = sourcecode.swift; path = OtherDetailItemViewUnitTests.swift; sourceTree = "<group>"; };
		A7E7FD9F2BD7D357001A6802 /* CharacterDetailItemViewUnitTests.swift */ = {isa = PBXFileReference; lastKnownFileType = sourcecode.swift; path = CharacterDetailItemViewUnitTests.swift; sourceTree = "<group>"; };
/* End PBXFileReference section */

/* Begin PBXFrameworksBuildPhase section */
		A7AF7685273987D7009A410C /* Frameworks */ = {
			isa = PBXFrameworksBuildPhase;
			buildActionMask = 2147483647;
			files = (
				A7BF72AB2BD7C3F000ADB27E /* ViewInspector in Frameworks */,
			);
			runOnlyForDeploymentPostprocessing = 0;
		};
		A7CE2B5527340B65001B5491 /* Frameworks */ = {
			isa = PBXFrameworksBuildPhase;
			buildActionMask = 2147483647;
			files = (
			);
			runOnlyForDeploymentPostprocessing = 0;
		};
/* End PBXFrameworksBuildPhase section */

/* Begin PBXGroup section */
		47B665D8273BC65F0086E96F /* Enumerations */ = {
			isa = PBXGroup;
			children = (
				47B665D9273BC6850086E96F /* HTTPError.swift */,
				A794FF2F273C1EA0003E8043 /* Tabs.swift */,
				A7BF72A02BD69CAB00ADB27E /* CharacterStatus.swift */,
			);
			path = Enumerations;
			sourceTree = "<group>";
		};
		47F9D1992747EC26004FFF77 /* Extensions */ = {
			isa = PBXGroup;
			children = (
				47F9D19A2747EC47004FFF77 /* String+CapitalizeFirstLetter.swift */,
			);
			path = Extensions;
			sourceTree = "<group>";
		};
		47F9D19C2747F022004FFF77 /* ItemViews */ = {
			isa = PBXGroup;
			children = (
				47F9D19D2747F032004FFF77 /* OtherDetailItemView.swift */,
				47F9D19F2747F2F1004FFF77 /* CharacterDetailItemView.swift */,
			);
			path = ItemViews;
			sourceTree = "<group>";
		};
		A75853972747CF8800EB40C5 /* ListViewCells */ = {
			isa = PBXGroup;
			children = (
				A75853982747CF8800EB40C5 /* CharacterCellView.swift */,
				A75853992747CF8800EB40C5 /* OtherCellView.swift */,
				47CEFC17274BBBF10080FF8F /* OtherCharacterCellView.swift */,
			);
			path = ListViewCells;
			sourceTree = "<group>";
		};
		A794FF27273C097F003E8043 /* CharacterTest */ = {
			isa = PBXGroup;
			children = (
				A7AF76D6273ADB91009A410C /* CharacterRepositoryImplementationUnitTest.swift */,
				A7AF7699273A6C43009A410C /* MockCharacterRepository.swift */,
				A794FF2B273C0A70003E8043 /* CharacterRemoteDataSourceUnitTest.swift */,
			);
			path = CharacterTest;
			sourceTree = "<group>";
		};
		A794FF28273C09A9003E8043 /* EpisodeTest */ = {
			isa = PBXGroup;
			children = (
				A7AF76E3273BE7C4009A410C /* EpisodesRepositoryImplementationUnitTest.swift */,
				A7AF76D4273AD6C6009A410C /* EpisodeRemoteDataSourceUnitTest.swift */,
				A7AF76D2273AD510009A410C /* MockEpisodeRepository.swift */,
			);
			path = EpisodeTest;
			sourceTree = "<group>";
		};
		A794FF2A273C09CE003E8043 /* LocationTest */ = {
			isa = PBXGroup;
			children = (
				A794FF25273C0049003E8043 /* LocationRemoteDataSourceUnitTest.swift */,
				A794FF23273BF060003E8043 /* LocationRepositoryImplementationUnitTest.swift */,
				A7AF76B5273ABFA9009A410C /* MockLocationRepository.swift */,
			);
			path = LocationTest;
			sourceTree = "<group>";
		};
		A794FF37273D34EB003E8043 /* ProgressView */ = {
			isa = PBXGroup;
			children = (
				A794FF3A273D3513003E8043 /* ProgressViewView.swift */,
			);
			path = ProgressView;
			sourceTree = "<group>";
		};
		A794FF3C273E7526003E8043 /* ListHeader */ = {
			isa = PBXGroup;
			children = (
				A794FF3D273E753B003E8043 /* ListHeaderView.swift */,
			);
			path = ListHeader;
			sourceTree = "<group>";
		};
		A794FF45273E88BE003E8043 /* LocationDetail */ = {
			isa = PBXGroup;
			children = (
				A794FF46273E88D9003E8043 /* LocationDetailViewModel.swift */,
				A794FF48273E88EA003E8043 /* LocationDetailView.swift */,
			);
			path = LocationDetail;
			sourceTree = "<group>";
		};
		A794FF512743CA06003E8043 /* EpisodeDetail */ = {
			isa = PBXGroup;
			children = (
				A794FF522743CA1C003E8043 /* EpisodeDetailView.swift */,
				A794FF542743CA2D003E8043 /* EpisodeDetailViewModel.swift */,
			);
			path = EpisodeDetail;
			sourceTree = "<group>";
		};
		A794FF63274538A3003E8043 /* LaunchScreen */ = {
			isa = PBXGroup;
			children = (
				A794FF6627453936003E8043 /* kisspng-portal-morty-smith-rick-sanchez-t-shirt-hoodie-portal-5ac4b0cbe2bbd5.4984654015228397559287.png */,
				A794FF612745362B003E8043 /* LaunchScreen.storyboard */,
			);
			path = LaunchScreen;
			sourceTree = "<group>";
		};
		A7AF7689273987D7009A410C /* RickMortyTests */ = {
			isa = PBXGroup;
			children = (
				A7E7FD9A2BD7CF0B001A6802 /* Scenes */,
				A7BF72A52BD7C0F600ADB27E /* View */,
				A7AF7698273A6C0B009A410C /* Repositories */,
				A7AF7695273A6A1A009A410C /* UseCases */,
				A7AF769127398A1A009A410C /* Entities */,
			);
			path = RickMortyTests;
			sourceTree = "<group>";
		};
		A7AF769127398A1A009A410C /* Entities */ = {
			isa = PBXGroup;
			children = (
				A7AF769227398A20009A410C /* ServerEntities */,
			);
			path = Entities;
			sourceTree = "<group>";
		};
		A7AF769227398A20009A410C /* ServerEntities */ = {
			isa = PBXGroup;
			children = (
				A7AF769327398A50009A410C /* ServerCharacterResponseUnitTests.swift */,
				A7AF76B3273ABD5E009A410C /* ServerLocationResponseUnitTest.swift */,
				A794FF2D273C0FA6003E8043 /* ServerEpisodeResponseUnitTest.swift */,
			);
			path = ServerEntities;
			sourceTree = "<group>";
		};
		A7AF7695273A6A1A009A410C /* UseCases */ = {
			isa = PBXGroup;
			children = (
				A7AF7696273A6A45009A410C /* GetAllCharactersUseCaseUnitTest.swift */,
				A7AF76B7273AC103009A410C /* GetLocationUseCaseUnitTest.swift */,
				A7AF76CC273AD17A009A410C /* CharacterDetailUseCaseUnitTest.swift */,
				A7AF76D0273AD4D0009A410C /* GetEpisodeUseCaseUnitTest.swift */,
				A794FF5827440943003E8043 /* GetAllCharactersByIdUseCaseUnitTest.swift */,
				A794FF5A27440B6E003E8043 /* LocationDetailUseCaseUnitTest.swift */,
				A794FF5C27440C1A003E8043 /* EpisodeDetailUseCaseUnitTest.swift */,
			);
			path = UseCases;
			sourceTree = "<group>";
		};
		A7AF7698273A6C0B009A410C /* Repositories */ = {
			isa = PBXGroup;
			children = (
				A794FF2A273C09CE003E8043 /* LocationTest */,
				A794FF28273C09A9003E8043 /* EpisodeTest */,
				A794FF27273C097F003E8043 /* CharacterTest */,
				A7AF76D8273ADD4E009A410C /* MockURLProtocol.swift */,
			);
			path = Repositories;
			sourceTree = "<group>";
		};
		A7AF76A2273A95BA009A410C /* Location */ = {
			isa = PBXGroup;
			children = (
				A7AF76A3273A9646009A410C /* LocationRemoteDataSource.swift */,
				A7AF76A5273A97A2009A410C /* LocationRepository.swift */,
				A7AF76A7273A97F9009A410C /* LocationRepositoryImplementation.swift */,
			);
			path = Location;
			sourceTree = "<group>";
		};
		A7AF76BD273AC755009A410C /* Episode */ = {
			isa = PBXGroup;
			children = (
				A7AF76BE273AC78E009A410C /* EpisodeRemoteDataSource.swift */,
				A7AF76C0273AC82C009A410C /* EpisodeRepository.swift */,
				A7AF76C2273AC851009A410C /* EpisodeRepositoryImplementation.swift */,
			);
			path = Episode;
			sourceTree = "<group>";
		};
		A7BF72A52BD7C0F600ADB27E /* View */ = {
			isa = PBXGroup;
			children = (
				A7BF72A72BD7C11D00ADB27E /* ViewHeaderUnitTests.swift */,
				A7E7FD962BD7C7DA001A6802 /* ProgressViewViewUnitTests.swift */,
				A7E7FD982BD7C975001A6802 /* RenderImageUnitTests.swift */,
			);
			path = View;
			sourceTree = "<group>";
		};
		A7BF72A92BD7C26900ADB27E /* Frameworks */ = {
			isa = PBXGroup;
			children = (
			);
			name = Frameworks;
			sourceTree = "<group>";
		};
		A7CE2B4F27340B65001B5491 = {
			isa = PBXGroup;
			children = (
				A7CE2B5A27340B65001B5491 /* RickMorty */,
				A7AF7689273987D7009A410C /* RickMortyTests */,
				A7CE2B5927340B65001B5491 /* Products */,
				A7BF72A92BD7C26900ADB27E /* Frameworks */,
			);
			sourceTree = "<group>";
		};
		A7CE2B5927340B65001B5491 /* Products */ = {
			isa = PBXGroup;
			children = (
				A7CE2B5827340B65001B5491 /* RickMorty.app */,
				A7AF7688273987D7009A410C /* RickMortyTests.xctest */,
			);
			name = Products;
			sourceTree = "<group>";
		};
		A7CE2B5A27340B65001B5491 /* RickMorty */ = {
			isa = PBXGroup;
			children = (
				A7CE2B6E27341EC0001B5491 /* API */,
				47B665DB273BC74D0086E96F /* Assets.xcassets */,
				A7CE2B7127342F2A001B5491 /* Constants.swift */,
				A7CE2B7727343AE7001B5491 /* Entities */,
				47B665D8273BC65F0086E96F /* Enumerations */,
				47F9D1992747EC26004FFF77 /* Extensions */,
				A794FF5E2745356B003E8043 /* Info.plist */,
				A7CE2B6127340B67001B5491 /* Preview Content */,
				A7CE2B73273433E8001B5491 /* Repositories */,
				A7CE2B5B27340B65001B5491 /* RickMortyApp.swift */,
				A7CE2B8F27352A2B001B5491 /* Scenes */,
				A7CE2B8C2735269F001B5491 /* UseCases */,
				A7CE2BDB2739605A001B5491 /* View */,
			);
			path = RickMorty;
			sourceTree = "<group>";
		};
		A7CE2B6127340B67001B5491 /* Preview Content */ = {
			isa = PBXGroup;
			children = (
				A7CE2B6227340B67001B5491 /* Preview Assets.xcassets */,
			);
			path = "Preview Content";
			sourceTree = "<group>";
		};
		A7CE2B6E27341EC0001B5491 /* API */ = {
			isa = PBXGroup;
			children = (
				A7CE2B6F27341ED8001B5491 /* APIManager.swift */,
			);
			path = API;
			sourceTree = "<group>";
		};
		A7CE2B73273433E8001B5491 /* Repositories */ = {
			isa = PBXGroup;
			children = (
				A7AF76BD273AC755009A410C /* Episode */,
				A7AF76A2273A95BA009A410C /* Location */,
				A7CE2B74273433F6001B5491 /* Character */,
			);
			path = Repositories;
			sourceTree = "<group>";
		};
		A7CE2B74273433F6001B5491 /* Character */ = {
			isa = PBXGroup;
			children = (
				A7CE2B752734342B001B5491 /* CharacterRemoteDataSource.swift */,
				A7CE2B8827344A5F001B5491 /* CharacterRepository.swift */,
				A7CE2B8A27344AC5001B5491 /* CharacterRepositoryImplementation.swift */,
			);
			path = Character;
			sourceTree = "<group>";
		};
		A7CE2B7727343AE7001B5491 /* Entities */ = {
			isa = PBXGroup;
			children = (
				A7CE2B7F27343DA3001B5491 /* Entities */,
				A7CE2B7827343AEF001B5491 /* ServerEntities */,
			);
			path = Entities;
			sourceTree = "<group>";
		};
		A7CE2B7827343AEF001B5491 /* ServerEntities */ = {
			isa = PBXGroup;
			children = (
				A7CE2B7927343B15001B5491 /* ServerBaseArrayResponse.swift */,
				A7CE2B7B27343B3B001B5491 /* ServerResultsResponse.swift */,
				A7CE2B7D27343B7B001B5491 /* ServerCharacterResponse.swift */,
				A7CE2B8227343ED1001B5491 /* ServerOriginResponse.swift */,
				A7CE2B842734407C001B5491 /* ServerLocationResponse.swift */,
				A7CE2B86273440EE001B5491 /* ServerEpisodeResponse.swift */,
				A7AF76AB273A9997009A410C /* ServerGetLocationResponse.swift */,
				A7AF76BB273AC665009A410C /* ServerGetEpisodeResponse.swift */,
			);
			path = ServerEntities;
			sourceTree = "<group>";
		};
		A7CE2B7F27343DA3001B5491 /* Entities */ = {
			isa = PBXGroup;
			children = (
				A7CE2B8027343DB2001B5491 /* Character.swift */,
				A7AF769B273A7FA5009A410C /* Location.swift */,
				A7AF76B9273AC474009A410C /* Episode.swift */,
			);
			path = Entities;
			sourceTree = "<group>";
		};
		A7CE2B8C2735269F001B5491 /* UseCases */ = {
			isa = PBXGroup;
			children = (
				A7CE2B8D273526B5001B5491 /* GetAllCharactersUseCase.swift */,
				A7CE2BCE27393741001B5491 /* CharacterDetailUseCase.swift */,
				A7AF76AF273AA5F7009A410C /* GetLocationUseCase.swift */,
				A7AF76C4273ACA60009A410C /* GetEpisodeUseCase.swift */,
				A794FF4F27427079003E8043 /* LocationDetailUseCase.swift */,
				47670E622742AF020071B3CF /* GetAllCharactersByIdUseCase.swift */,
				A794FF562743CFF5003E8043 /* EpisodeDetailUseCase.swift */,
			);
			path = UseCases;
			sourceTree = "<group>";
		};
		A7CE2B8F27352A2B001B5491 /* Scenes */ = {
			isa = PBXGroup;
			children = (
				47F9D19C2747F022004FFF77 /* ItemViews */,
				A75853972747CF8800EB40C5 /* ListViewCells */,
				A794FF512743CA06003E8043 /* EpisodeDetail */,
				A794FF45273E88BE003E8043 /* LocationDetail */,
				A7CE2BD127394A35001B5491 /* CharacterDetail */,
				A7CE2B9C27352C12001B5491 /* Episodes */,
				A7CE2B9727352BD8001B5491 /* Location */,
				A7CE2B9427352BB1001B5491 /* CharacterList */,
				A7CE2B9127352A46001B5491 /* TabBar */,
			);
			path = Scenes;
			sourceTree = "<group>";
		};
		A7CE2B9127352A46001B5491 /* TabBar */ = {
			isa = PBXGroup;
			children = (
				A7CE2B9227352A63001B5491 /* TabBar.swift */,
			);
			path = TabBar;
			sourceTree = "<group>";
		};
		A7CE2B9427352BB1001B5491 /* CharacterList */ = {
			isa = PBXGroup;
			children = (
				A75853842746ADA300EB40C5 /* CharacterListView.swift */,
				A7CE2BA327357521001B5491 /* CharacterListViewModel.swift */,
			);
			path = CharacterList;
			sourceTree = "<group>";
		};
		A7CE2B9727352BD8001B5491 /* Location */ = {
			isa = PBXGroup;
			children = (
				A7AF76AD273AA587009A410C /* LocationListView.swift */,
				A7AF76B1273AAFFD009A410C /* LocationListViewModel.swift */,
			);
			path = Location;
			sourceTree = "<group>";
		};
		A7CE2B9C27352C12001B5491 /* Episodes */ = {
			isa = PBXGroup;
			children = (
				A7AF76C6273ACB8C009A410C /* EpisodeListView.swift */,
				A7AF76C8273ACB9A009A410C /* EpisodeListViewModel.swift */,
			);
			path = Episodes;
			sourceTree = "<group>";
		};
		A7CE2BD127394A35001B5491 /* CharacterDetail */ = {
			isa = PBXGroup;
			children = (
				A7CE2BD427394A57001B5491 /* CharacterDetailViewModel.swift */,
				A743A9A027396983008A5CA0 /* CharacterDetailView.swift */,
			);
			path = CharacterDetail;
			sourceTree = "<group>";
		};
		A7CE2BDB2739605A001B5491 /* View */ = {
			isa = PBXGroup;
			children = (
				A794FF63274538A3003E8043 /* LaunchScreen */,
				A794FF3C273E7526003E8043 /* ListHeader */,
				A794FF37273D34EB003E8043 /* ProgressView */,
				A7CE2BDE273960D0001B5491 /* Images */,
			);
			path = View;
			sourceTree = "<group>";
		};
		A7CE2BDE273960D0001B5491 /* Images */ = {
			isa = PBXGroup;
			children = (
				A7CE2BDC27396072001B5491 /* RenderImage.swift */,
			);
			path = Images;
			sourceTree = "<group>";
		};
		A7E7FD9A2BD7CF0B001A6802 /* Scenes */ = {
			isa = PBXGroup;
			children = (
				A7E7FD9B2BD7CF1B001A6802 /* ItemViews */,
			);
			path = Scenes;
			sourceTree = "<group>";
		};
		A7E7FD9B2BD7CF1B001A6802 /* ItemViews */ = {
			isa = PBXGroup;
			children = (
				A7E7FD9D2BD7CF32001A6802 /* OtherDetailItemViewUnitTests.swift */,
				A7E7FD9F2BD7D357001A6802 /* CharacterDetailItemViewUnitTests.swift */,
			);
			path = ItemViews;
			sourceTree = "<group>";
		};
/* End PBXGroup section */

/* Begin PBXNativeTarget section */
		A7AF7687273987D7009A410C /* RickMortyTests */ = {
			isa = PBXNativeTarget;
			buildConfigurationList = A7AF768E273987D7009A410C /* Build configuration list for PBXNativeTarget "RickMortyTests" */;
			buildPhases = (
				A7AF7684273987D7009A410C /* Sources */,
				A7AF7685273987D7009A410C /* Frameworks */,
				A7AF7686273987D7009A410C /* Resources */,
			);
			buildRules = (
			);
			dependencies = (
				A7AF768D273987D7009A410C /* PBXTargetDependency */,
			);
			name = RickMortyTests;
			packageProductDependencies = (
				A7BF72AA2BD7C3F000ADB27E /* ViewInspector */,
			);
			productName = RickMortyTests;
			productReference = A7AF7688273987D7009A410C /* RickMortyTests.xctest */;
			productType = "com.apple.product-type.bundle.unit-test";
		};
		A7CE2B5727340B65001B5491 /* RickMorty */ = {
			isa = PBXNativeTarget;
			buildConfigurationList = A7CE2B6627340B67001B5491 /* Build configuration list for PBXNativeTarget "RickMorty" */;
			buildPhases = (
				A7CE2B5427340B65001B5491 /* Sources */,
				A7CE2B5527340B65001B5491 /* Frameworks */,
				A7CE2B5627340B65001B5491 /* Resources */,
			);
			buildRules = (
			);
			dependencies = (
			);
			name = RickMorty;
			packageProductDependencies = (
			);
			productName = RickMorty;
			productReference = A7CE2B5827340B65001B5491 /* RickMorty.app */;
			productType = "com.apple.product-type.application";
		};
/* End PBXNativeTarget section */

/* Begin PBXProject section */
		A7CE2B5027340B65001B5491 /* Project object */ = {
			isa = PBXProject;
			attributes = {
				BuildIndependentTargetsInParallel = 1;
				LastSwiftUpdateCheck = 1300;
				LastUpgradeCheck = 1530;
				TargetAttributes = {
					A7AF7687273987D7009A410C = {
						CreatedOnToolsVersion = 13.0;
						TestTargetID = A7CE2B5727340B65001B5491;
					};
					A7CE2B5727340B65001B5491 = {
						CreatedOnToolsVersion = 13.0;
					};
				};
			};
			buildConfigurationList = A7CE2B5327340B65001B5491 /* Build configuration list for PBXProject "RickMorty" */;
			compatibilityVersion = "Xcode 13.0";
			developmentRegion = en;
			hasScannedForEncodings = 0;
			knownRegions = (
				en,
				Base,
			);
			mainGroup = A7CE2B4F27340B65001B5491;
			packageReferences = (
				A7BF72A22BD7BCC900ADB27E /* XCRemoteSwiftPackageReference "ViewInspector" */,
			);
			productRefGroup = A7CE2B5927340B65001B5491 /* Products */;
			projectDirPath = "";
			projectRoot = "";
			targets = (
				A7CE2B5727340B65001B5491 /* RickMorty */,
				A7AF7687273987D7009A410C /* RickMortyTests */,
			);
		};
/* End PBXProject section */

/* Begin PBXResourcesBuildPhase section */
		A7AF7686273987D7009A410C /* Resources */ = {
			isa = PBXResourcesBuildPhase;
			buildActionMask = 2147483647;
			files = (
			);
			runOnlyForDeploymentPostprocessing = 0;
		};
		A7CE2B5627340B65001B5491 /* Resources */ = {
			isa = PBXResourcesBuildPhase;
			buildActionMask = 2147483647;
			files = (
				A794FF622745362B003E8043 /* LaunchScreen.storyboard in Resources */,
				47B665DC273BC74D0086E96F /* Assets.xcassets in Resources */,
				A7CE2B6327340B67001B5491 /* Preview Assets.xcassets in Resources */,
				A794FF6727453936003E8043 /* kisspng-portal-morty-smith-rick-sanchez-t-shirt-hoodie-portal-5ac4b0cbe2bbd5.4984654015228397559287.png in Resources */,
			);
			runOnlyForDeploymentPostprocessing = 0;
		};
/* End PBXResourcesBuildPhase section */

/* Begin PBXSourcesBuildPhase section */
		A7AF7684273987D7009A410C /* Sources */ = {
			isa = PBXSourcesBuildPhase;
			buildActionMask = 2147483647;
			files = (
				A7AF76CD273AD17A009A410C /* CharacterDetailUseCaseUnitTest.swift in Sources */,
				A794FF26273C0049003E8043 /* LocationRemoteDataSourceUnitTest.swift in Sources */,
				A7AF76D7273ADB91009A410C /* CharacterRepositoryImplementationUnitTest.swift in Sources */,
				A7AF76B8273AC103009A410C /* GetLocationUseCaseUnitTest.swift in Sources */,
				A7AF76B4273ABD5E009A410C /* ServerLocationResponseUnitTest.swift in Sources */,
				A794FF2E273C0FA6003E8043 /* ServerEpisodeResponseUnitTest.swift in Sources */,
				A7AF7697273A6A45009A410C /* GetAllCharactersUseCaseUnitTest.swift in Sources */,
				A7AF769A273A6C43009A410C /* MockCharacterRepository.swift in Sources */,
				A7AF769427398A50009A410C /* ServerCharacterResponseUnitTests.swift in Sources */,
				A7AF76D9273ADD4E009A410C /* MockURLProtocol.swift in Sources */,
				A7AF76B6273ABFA9009A410C /* MockLocationRepository.swift in Sources */,
				A7E7FD992BD7C975001A6802 /* RenderImageUnitTests.swift in Sources */,
				A7E7FDA02BD7D357001A6802 /* CharacterDetailItemViewUnitTests.swift in Sources */,
				A794FF5B27440B6E003E8043 /* LocationDetailUseCaseUnitTest.swift in Sources */,
				A794FF24273BF060003E8043 /* LocationRepositoryImplementationUnitTest.swift in Sources */,
				A7E7FD972BD7C7DA001A6802 /* ProgressViewViewUnitTests.swift in Sources */,
				A7AF76E4273BE7C5009A410C /* EpisodesRepositoryImplementationUnitTest.swift in Sources */,
				A7AF769E273A86C9009A410C /* (null) in Sources */,
				A7BF72A82BD7C11D00ADB27E /* ViewHeaderUnitTests.swift in Sources */,
				A7AF76D1273AD4D0009A410C /* GetEpisodeUseCaseUnitTest.swift in Sources */,
				A7AF76D5273AD6C6009A410C /* EpisodeRemoteDataSourceUnitTest.swift in Sources */,
				A7E7FD9E2BD7CF32001A6802 /* OtherDetailItemViewUnitTests.swift in Sources */,
				A794FF5D27440C1A003E8043 /* EpisodeDetailUseCaseUnitTest.swift in Sources */,
				A794FF2C273C0A70003E8043 /* CharacterRemoteDataSourceUnitTest.swift in Sources */,
				A7AF76D3273AD510009A410C /* MockEpisodeRepository.swift in Sources */,
				A794FF5927440943003E8043 /* GetAllCharactersByIdUseCaseUnitTest.swift in Sources */,
			);
			runOnlyForDeploymentPostprocessing = 0;
		};
		A7CE2B5427340B65001B5491 /* Sources */ = {
			isa = PBXSourcesBuildPhase;
			buildActionMask = 2147483647;
			files = (
				A7CE2B7E27343B7B001B5491 /* ServerCharacterResponse.swift in Sources */,
				A7CE2B7227342F2A001B5491 /* Constants.swift in Sources */,
				A7CE2B7027341ED8001B5491 /* APIManager.swift in Sources */,
				A758539B2747CF8800EB40C5 /* OtherCellView.swift in Sources */,
				A794FF3B273D3513003E8043 /* ProgressViewView.swift in Sources */,
				47F9D19B2747EC47004FFF77 /* String+CapitalizeFirstLetter.swift in Sources */,
				A7CE2B762734342B001B5491 /* CharacterRemoteDataSource.swift in Sources */,
				47670E632742AF020071B3CF /* GetAllCharactersByIdUseCase.swift in Sources */,
				A7CE2B87273440EE001B5491 /* ServerEpisodeResponse.swift in Sources */,
				A7CE2BCF27393741001B5491 /* CharacterDetailUseCase.swift in Sources */,
				A758539A2747CF8800EB40C5 /* CharacterCellView.swift in Sources */,
				47CEFC18274BBBF10080FF8F /* OtherCharacterCellView.swift in Sources */,
				A75853852746ADA300EB40C5 /* CharacterListView.swift in Sources */,
				A7AF76AE273AA587009A410C /* LocationListView.swift in Sources */,
				A7AF769C273A7FA5009A410C /* Location.swift in Sources */,
				A7AF76B2273AAFFD009A410C /* LocationListViewModel.swift in Sources */,
				A7AF76A8273A97F9009A410C /* LocationRepositoryImplementation.swift in Sources */,
				A7BF72A12BD69CAB00ADB27E /* CharacterStatus.swift in Sources */,
				A7AF76BC273AC665009A410C /* ServerGetEpisodeResponse.swift in Sources */,
				A7AF76BF273AC78E009A410C /* EpisodeRemoteDataSource.swift in Sources */,
				A7CE2BD527394A57001B5491 /* CharacterDetailViewModel.swift in Sources */,
				A7CE2B7A27343B15001B5491 /* ServerBaseArrayResponse.swift in Sources */,
				A7AF76A4273A9646009A410C /* LocationRemoteDataSource.swift in Sources */,
				A7AF76A6273A97A2009A410C /* LocationRepository.swift in Sources */,
				A7CE2BA427357521001B5491 /* CharacterListViewModel.swift in Sources */,
				A7AF76BA273AC474009A410C /* Episode.swift in Sources */,
				47F9D19E2747F032004FFF77 /* OtherDetailItemView.swift in Sources */,
				A7CE2B9327352A63001B5491 /* TabBar.swift in Sources */,
				A7CE2B852734407C001B5491 /* ServerLocationResponse.swift in Sources */,
				A7CE2B8B27344AC5001B5491 /* CharacterRepositoryImplementation.swift in Sources */,
				A794FF5027427079003E8043 /* LocationDetailUseCase.swift in Sources */,
				A7AF76C3273AC852009A410C /* EpisodeRepositoryImplementation.swift in Sources */,
				A743A9A127396983008A5CA0 /* CharacterDetailView.swift in Sources */,
				A794FF532743CA1C003E8043 /* EpisodeDetailView.swift in Sources */,
				A794FF3E273E753B003E8043 /* ListHeaderView.swift in Sources */,
				A7CE2B8E273526B5001B5491 /* GetAllCharactersUseCase.swift in Sources */,
				A7AF76C9273ACB9A009A410C /* EpisodeListViewModel.swift in Sources */,
				A794FF30273C1EA0003E8043 /* Tabs.swift in Sources */,
				A794FF552743CA2D003E8043 /* EpisodeDetailViewModel.swift in Sources */,
				47B665DA273BC6860086E96F /* HTTPError.swift in Sources */,
				A7CE2B8127343DB2001B5491 /* Character.swift in Sources */,
				A7AF76C7273ACB8C009A410C /* EpisodeListView.swift in Sources */,
				A7CE2B7C27343B3B001B5491 /* ServerResultsResponse.swift in Sources */,
				A7CE2B8927344A5F001B5491 /* CharacterRepository.swift in Sources */,
				A7AF76C1273AC82C009A410C /* EpisodeRepository.swift in Sources */,
				A7AF76B0273AA5F7009A410C /* GetLocationUseCase.swift in Sources */,
				A794FF49273E88EA003E8043 /* LocationDetailView.swift in Sources */,
				A7CE2B5C27340B65001B5491 /* RickMortyApp.swift in Sources */,
				A794FF572743CFF5003E8043 /* EpisodeDetailUseCase.swift in Sources */,
				A7AF76AC273A9997009A410C /* ServerGetLocationResponse.swift in Sources */,
				A794FF47273E88D9003E8043 /* LocationDetailViewModel.swift in Sources */,
				A7CE2B8327343ED1001B5491 /* ServerOriginResponse.swift in Sources */,
				A7AF76C5273ACA60009A410C /* GetEpisodeUseCase.swift in Sources */,
				A7CE2BDD27396072001B5491 /* RenderImage.swift in Sources */,
				47F9D1A02747F2F1004FFF77 /* CharacterDetailItemView.swift in Sources */,
			);
			runOnlyForDeploymentPostprocessing = 0;
		};
/* End PBXSourcesBuildPhase section */

/* Begin PBXTargetDependency section */
		A7AF768D273987D7009A410C /* PBXTargetDependency */ = {
			isa = PBXTargetDependency;
			target = A7CE2B5727340B65001B5491 /* RickMorty */;
			targetProxy = A7AF768C273987D7009A410C /* PBXContainerItemProxy */;
		};
/* End PBXTargetDependency section */

/* Begin XCBuildConfiguration section */
		A7AF768F273987D7009A410C /* Debug */ = {
			isa = XCBuildConfiguration;
			buildSettings = {
				BUNDLE_LOADER = "$(TEST_HOST)";
				CODE_SIGN_STYLE = Automatic;
				CURRENT_PROJECT_VERSION = 1;
				DEVELOPMENT_TEAM = F3Y5649G7F;
				GENERATE_INFOPLIST_FILE = YES;
				LD_RUNPATH_SEARCH_PATHS = (
					"$(inherited)",
					"@executable_path/Frameworks",
					"@loader_path/Frameworks",
				);
				MARKETING_VERSION = 1.0;
				PRODUCT_BUNDLE_IDENTIFIER = silvia.RickMortyTests;
				PRODUCT_NAME = "$(TARGET_NAME)";
				SWIFT_EMIT_LOC_STRINGS = NO;
				SWIFT_VERSION = 5.0;
				TARGETED_DEVICE_FAMILY = "1,2";
				TEST_HOST = "$(BUILT_PRODUCTS_DIR)/RickMorty.app/RickMorty";
			};
			name = Debug;
		};
		A7AF7690273987D7009A410C /* Release */ = {
			isa = XCBuildConfiguration;
			buildSettings = {
				BUNDLE_LOADER = "$(TEST_HOST)";
				CODE_SIGN_STYLE = Automatic;
				CURRENT_PROJECT_VERSION = 1;
				DEVELOPMENT_TEAM = F3Y5649G7F;
				GENERATE_INFOPLIST_FILE = YES;
				LD_RUNPATH_SEARCH_PATHS = (
					"$(inherited)",
					"@executable_path/Frameworks",
					"@loader_path/Frameworks",
				);
				MARKETING_VERSION = 1.0;
				PRODUCT_BUNDLE_IDENTIFIER = silvia.RickMortyTests;
				PRODUCT_NAME = "$(TARGET_NAME)";
				SWIFT_EMIT_LOC_STRINGS = NO;
				SWIFT_VERSION = 5.0;
				TARGETED_DEVICE_FAMILY = "1,2";
				TEST_HOST = "$(BUILT_PRODUCTS_DIR)/RickMorty.app/RickMorty";
			};
			name = Release;
		};
		A7CE2B6427340B67001B5491 /* Debug */ = {
			isa = XCBuildConfiguration;
			buildSettings = {
				ALWAYS_SEARCH_USER_PATHS = NO;
				CLANG_ANALYZER_NONNULL = YES;
				CLANG_ANALYZER_NUMBER_OBJECT_CONVERSION = YES_AGGRESSIVE;
				CLANG_CXX_LANGUAGE_STANDARD = "gnu++17";
				CLANG_CXX_LIBRARY = "libc++";
				CLANG_ENABLE_MODULES = YES;
				CLANG_ENABLE_OBJC_ARC = YES;
				CLANG_ENABLE_OBJC_WEAK = YES;
				CLANG_WARN_BLOCK_CAPTURE_AUTORELEASING = YES;
				CLANG_WARN_BOOL_CONVERSION = YES;
				CLANG_WARN_COMMA = YES;
				CLANG_WARN_CONSTANT_CONVERSION = YES;
				CLANG_WARN_DEPRECATED_OBJC_IMPLEMENTATIONS = YES;
				CLANG_WARN_DIRECT_OBJC_ISA_USAGE = YES_ERROR;
				CLANG_WARN_DOCUMENTATION_COMMENTS = YES;
				CLANG_WARN_EMPTY_BODY = YES;
				CLANG_WARN_ENUM_CONVERSION = YES;
				CLANG_WARN_INFINITE_RECURSION = YES;
				CLANG_WARN_INT_CONVERSION = YES;
				CLANG_WARN_NON_LITERAL_NULL_CONVERSION = YES;
				CLANG_WARN_OBJC_IMPLICIT_RETAIN_SELF = YES;
				CLANG_WARN_OBJC_LITERAL_CONVERSION = YES;
				CLANG_WARN_OBJC_ROOT_CLASS = YES_ERROR;
				CLANG_WARN_QUOTED_INCLUDE_IN_FRAMEWORK_HEADER = YES;
				CLANG_WARN_RANGE_LOOP_ANALYSIS = YES;
				CLANG_WARN_STRICT_PROTOTYPES = YES;
				CLANG_WARN_SUSPICIOUS_MOVE = YES;
				CLANG_WARN_UNGUARDED_AVAILABILITY = YES_AGGRESSIVE;
				CLANG_WARN_UNREACHABLE_CODE = YES;
				CLANG_WARN__DUPLICATE_METHOD_MATCH = YES;
				COPY_PHASE_STRIP = NO;
				DEBUG_INFORMATION_FORMAT = dwarf;
				ENABLE_STRICT_OBJC_MSGSEND = YES;
				ENABLE_TESTABILITY = YES;
				ENABLE_USER_SCRIPT_SANDBOXING = YES;
				GCC_C_LANGUAGE_STANDARD = gnu11;
				GCC_DYNAMIC_NO_PIC = NO;
				GCC_NO_COMMON_BLOCKS = YES;
				GCC_OPTIMIZATION_LEVEL = 0;
				GCC_PREPROCESSOR_DEFINITIONS = (
					"DEBUG=1",
					"$(inherited)",
				);
				GCC_WARN_64_TO_32_BIT_CONVERSION = YES;
				GCC_WARN_ABOUT_RETURN_TYPE = YES_ERROR;
				GCC_WARN_UNDECLARED_SELECTOR = YES;
				GCC_WARN_UNINITIALIZED_AUTOS = YES_AGGRESSIVE;
				GCC_WARN_UNUSED_FUNCTION = YES;
				GCC_WARN_UNUSED_VARIABLE = YES;
				INFOPLIST_KEY_UILaunchStoryboardName = "";
				IPHONEOS_DEPLOYMENT_TARGET = 15.0;
				MTL_ENABLE_DEBUG_INFO = INCLUDE_SOURCE;
				MTL_FAST_MATH = YES;
				ONLY_ACTIVE_ARCH = YES;
				SDKROOT = iphoneos;
				SWIFT_ACTIVE_COMPILATION_CONDITIONS = DEBUG;
				SWIFT_OPTIMIZATION_LEVEL = "-Onone";
			};
			name = Debug;
		};
		A7CE2B6527340B67001B5491 /* Release */ = {
			isa = XCBuildConfiguration;
			buildSettings = {
				ALWAYS_SEARCH_USER_PATHS = NO;
				CLANG_ANALYZER_NONNULL = YES;
				CLANG_ANALYZER_NUMBER_OBJECT_CONVERSION = YES_AGGRESSIVE;
				CLANG_CXX_LANGUAGE_STANDARD = "gnu++17";
				CLANG_CXX_LIBRARY = "libc++";
				CLANG_ENABLE_MODULES = YES;
				CLANG_ENABLE_OBJC_ARC = YES;
				CLANG_ENABLE_OBJC_WEAK = YES;
				CLANG_WARN_BLOCK_CAPTURE_AUTORELEASING = YES;
				CLANG_WARN_BOOL_CONVERSION = YES;
				CLANG_WARN_COMMA = YES;
				CLANG_WARN_CONSTANT_CONVERSION = YES;
				CLANG_WARN_DEPRECATED_OBJC_IMPLEMENTATIONS = YES;
				CLANG_WARN_DIRECT_OBJC_ISA_USAGE = YES_ERROR;
				CLANG_WARN_DOCUMENTATION_COMMENTS = YES;
				CLANG_WARN_EMPTY_BODY = YES;
				CLANG_WARN_ENUM_CONVERSION = YES;
				CLANG_WARN_INFINITE_RECURSION = YES;
				CLANG_WARN_INT_CONVERSION = YES;
				CLANG_WARN_NON_LITERAL_NULL_CONVERSION = YES;
				CLANG_WARN_OBJC_IMPLICIT_RETAIN_SELF = YES;
				CLANG_WARN_OBJC_LITERAL_CONVERSION = YES;
				CLANG_WARN_OBJC_ROOT_CLASS = YES_ERROR;
				CLANG_WARN_QUOTED_INCLUDE_IN_FRAMEWORK_HEADER = YES;
				CLANG_WARN_RANGE_LOOP_ANALYSIS = YES;
				CLANG_WARN_STRICT_PROTOTYPES = YES;
				CLANG_WARN_SUSPICIOUS_MOVE = YES;
				CLANG_WARN_UNGUARDED_AVAILABILITY = YES_AGGRESSIVE;
				CLANG_WARN_UNREACHABLE_CODE = YES;
				CLANG_WARN__DUPLICATE_METHOD_MATCH = YES;
				COPY_PHASE_STRIP = NO;
				DEBUG_INFORMATION_FORMAT = "dwarf-with-dsym";
				ENABLE_NS_ASSERTIONS = NO;
				ENABLE_STRICT_OBJC_MSGSEND = YES;
				ENABLE_USER_SCRIPT_SANDBOXING = YES;
				GCC_C_LANGUAGE_STANDARD = gnu11;
				GCC_NO_COMMON_BLOCKS = YES;
				GCC_WARN_64_TO_32_BIT_CONVERSION = YES;
				GCC_WARN_ABOUT_RETURN_TYPE = YES_ERROR;
				GCC_WARN_UNDECLARED_SELECTOR = YES;
				GCC_WARN_UNINITIALIZED_AUTOS = YES_AGGRESSIVE;
				GCC_WARN_UNUSED_FUNCTION = YES;
				GCC_WARN_UNUSED_VARIABLE = YES;
				INFOPLIST_KEY_UILaunchStoryboardName = "";
				IPHONEOS_DEPLOYMENT_TARGET = 15.0;
				MTL_ENABLE_DEBUG_INFO = NO;
				MTL_FAST_MATH = YES;
				SDKROOT = iphoneos;
				SWIFT_COMPILATION_MODE = wholemodule;
				SWIFT_OPTIMIZATION_LEVEL = "-O";
				VALIDATE_PRODUCT = YES;
			};
			name = Release;
		};
		A7CE2B6727340B67001B5491 /* Debug */ = {
			isa = XCBuildConfiguration;
			buildSettings = {
				ASSETCATALOG_COMPILER_APPICON_NAME = AppIcon;
				ASSETCATALOG_COMPILER_GLOBAL_ACCENT_COLOR_NAME = AccentColor;
				CODE_SIGN_STYLE = Automatic;
				CURRENT_PROJECT_VERSION = 1;
				DEVELOPMENT_ASSET_PATHS = "\"RickMorty/Preview Content\"";
				ENABLE_PREVIEWS = YES;
				GENERATE_INFOPLIST_FILE = YES;
				INFOPLIST_FILE = RickMorty/Info.plist;
				INFOPLIST_KEY_UIApplicationSceneManifest_Generation = YES;
				INFOPLIST_KEY_UIApplicationSupportsIndirectInputEvents = YES;
				INFOPLIST_KEY_UILaunchStoryboardName = LaunchScreen;
				INFOPLIST_KEY_UISupportedInterfaceOrientations_iPad = "UIInterfaceOrientationPortrait UIInterfaceOrientationPortraitUpsideDown UIInterfaceOrientationLandscapeLeft UIInterfaceOrientationLandscapeRight";
				INFOPLIST_KEY_UISupportedInterfaceOrientations_iPhone = "UIInterfaceOrientationPortrait UIInterfaceOrientationLandscapeLeft UIInterfaceOrientationLandscapeRight";
				IPHONEOS_DEPLOYMENT_TARGET = 15.0;
				LD_RUNPATH_SEARCH_PATHS = (
					"$(inherited)",
					"@executable_path/Frameworks",
				);
				MARKETING_VERSION = 1.0;
				PRODUCT_BUNDLE_IDENTIFIER = silvia.RickMorty;
				PRODUCT_NAME = "$(TARGET_NAME)";
				SWIFT_EMIT_LOC_STRINGS = YES;
				SWIFT_VERSION = 5.0;
				TARGETED_DEVICE_FAMILY = "1,2";
			};
			name = Debug;
		};
		A7CE2B6827340B67001B5491 /* Release */ = {
			isa = XCBuildConfiguration;
			buildSettings = {
				ASSETCATALOG_COMPILER_APPICON_NAME = AppIcon;
				ASSETCATALOG_COMPILER_GLOBAL_ACCENT_COLOR_NAME = AccentColor;
				CODE_SIGN_STYLE = Automatic;
				CURRENT_PROJECT_VERSION = 1;
				DEVELOPMENT_ASSET_PATHS = "\"RickMorty/Preview Content\"";
				ENABLE_PREVIEWS = YES;
				GENERATE_INFOPLIST_FILE = YES;
				INFOPLIST_FILE = RickMorty/Info.plist;
				INFOPLIST_KEY_UIApplicationSceneManifest_Generation = YES;
				INFOPLIST_KEY_UIApplicationSupportsIndirectInputEvents = YES;
				INFOPLIST_KEY_UILaunchStoryboardName = LaunchScreen;
				INFOPLIST_KEY_UISupportedInterfaceOrientations_iPad = "UIInterfaceOrientationPortrait UIInterfaceOrientationPortraitUpsideDown UIInterfaceOrientationLandscapeLeft UIInterfaceOrientationLandscapeRight";
				INFOPLIST_KEY_UISupportedInterfaceOrientations_iPhone = "UIInterfaceOrientationPortrait UIInterfaceOrientationLandscapeLeft UIInterfaceOrientationLandscapeRight";
				IPHONEOS_DEPLOYMENT_TARGET = 15.0;
				LD_RUNPATH_SEARCH_PATHS = (
					"$(inherited)",
					"@executable_path/Frameworks",
				);
				MARKETING_VERSION = 1.0;
				PRODUCT_BUNDLE_IDENTIFIER = silvia.RickMorty;
				PRODUCT_NAME = "$(TARGET_NAME)";
				SWIFT_EMIT_LOC_STRINGS = YES;
				SWIFT_VERSION = 5.0;
				TARGETED_DEVICE_FAMILY = "1,2";
			};
			name = Release;
		};
/* End XCBuildConfiguration section */

/* Begin XCConfigurationList section */
		A7AF768E273987D7009A410C /* Build configuration list for PBXNativeTarget "RickMortyTests" */ = {
			isa = XCConfigurationList;
			buildConfigurations = (
				A7AF768F273987D7009A410C /* Debug */,
				A7AF7690273987D7009A410C /* Release */,
			);
			defaultConfigurationIsVisible = 0;
			defaultConfigurationName = Release;
		};
		A7CE2B5327340B65001B5491 /* Build configuration list for PBXProject "RickMorty" */ = {
			isa = XCConfigurationList;
			buildConfigurations = (
				A7CE2B6427340B67001B5491 /* Debug */,
				A7CE2B6527340B67001B5491 /* Release */,
			);
			defaultConfigurationIsVisible = 0;
			defaultConfigurationName = Release;
		};
		A7CE2B6627340B67001B5491 /* Build configuration list for PBXNativeTarget "RickMorty" */ = {
			isa = XCConfigurationList;
			buildConfigurations = (
				A7CE2B6727340B67001B5491 /* Debug */,
				A7CE2B6827340B67001B5491 /* Release */,
			);
			defaultConfigurationIsVisible = 0;
			defaultConfigurationName = Release;
		};
/* End XCConfigurationList section */

/* Begin XCRemoteSwiftPackageReference section */
		A7BF72A22BD7BCC900ADB27E /* XCRemoteSwiftPackageReference "ViewInspector" */ = {
			isa = XCRemoteSwiftPackageReference;
			repositoryURL = "https://github.com/nalexn/ViewInspector.git";
			requirement = {
				kind = exactVersion;
				version = 0.9.8;
			};
		};
/* End XCRemoteSwiftPackageReference section */

/* Begin XCSwiftPackageProductDependency section */
		A7BF72AA2BD7C3F000ADB27E /* ViewInspector */ = {
			isa = XCSwiftPackageProductDependency;
			productName = ViewInspector;
		};
/* End XCSwiftPackageProductDependency section */
	};
	rootObject = A7CE2B5027340B65001B5491 /* Project object */;
}
